
Microsoft Visual Studio Solution File, Format Version 12.00
# Visual Studio Version 17
VisualStudioVersion = 17.8.34330.188
MinimumVisualStudioVersion = 10.0.40219.1
Project("{FAE04EC0-301F-11D3-BF4B-00C04F79EFBC}") = "calendrier", "calendrier.csproj", "{65C468B3-DBF2-4B78-893C-B945CDFB30D9}"
EndProject
Global
	GlobalSection(SolutionConfigurationPlatforms) = preSolution
		Debug|Any CPU = Debug|Any CPU
		Release|Any CPU = Release|Any CPU
	EndGlobalSection
	GlobalSection(ProjectConfigurationPlatforms) = postSolution
		{65C468B3-DBF2-4B78-893C-B945CDFB30D9}.Debug|Any CPU.ActiveCfg = Debug|Any CPU
		{65C468B3-DBF2-4B78-893C-B945CDFB30D9}.Debug|Any CPU.Build.0 = Debug|Any CPU
		{65C468B3-DBF2-4B78-893C-B945CDFB30D9}.Release|Any CPU.ActiveCfg = Release|Any CPU
		{65C468B3-DBF2-4B78-893C-B945CDFB30D9}.Release|Any CPU.Build.0 = Release|Any CPU
	EndGlobalSection
	GlobalSection(SolutionProperties) = preSolution
		HideSolutionNode = FALSE
	EndGlobalSection
	GlobalSection(ExtensibilityGlobals) = postSolution
		SolutionGuid = {F07BF3F9-E011-47B8-AAED-D3252EFF55A1}
	EndGlobalSection
EndGlobal
